// !$*UTF8*$!
{
	archiveVersion = 1;
	classes = {
	};
	objectVersion = 55;
	objects = {

/* Begin PBXBuildFile section */
		142866DB27FA5B1B00A72FAF /* IconResizerService.swift in Sources */ = {isa = PBXBuildFile; fileRef = 142866DA27FA5B1B00A72FAF /* IconResizerService.swift */; };
		142866DD27FA5D5E00A72FAF /* FileIconService.swift in Sources */ = {isa = PBXBuildFile; fileRef = 142866DC27FA5D5E00A72FAF /* FileIconService.swift */; };
		142866E027FA623800A72FAF /* IconFileGeneratorService.swift in Sources */ = {isa = PBXBuildFile; fileRef = 142866DF27FA623800A72FAF /* IconFileGeneratorService.swift */; };
		142866E427FA63F400A72FAF /* MainViewModel.swift in Sources */ = {isa = PBXBuildFile; fileRef = 142866E327FA63F400A72FAF /* MainViewModel.swift */; };
		142866E627FA6EB800A72FAF /* ImagePickerView.swift in Sources */ = {isa = PBXBuildFile; fileRef = 142866E527FA6EB800A72FAF /* ImagePickerView.swift */; };
		1449AA1D27FA55CB00CEC0E6 /* IconGeneratorApp.swift in Sources */ = {isa = PBXBuildFile; fileRef = 1449AA1C27FA55CB00CEC0E6 /* IconGeneratorApp.swift */; };
		1449AA1F27FA55CB00CEC0E6 /* MainView.swift in Sources */ = {isa = PBXBuildFile; fileRef = 1449AA1E27FA55CB00CEC0E6 /* MainView.swift */; };
		1449AA2127FA55CF00CEC0E6 /* Assets.xcassets in Resources */ = {isa = PBXBuildFile; fileRef = 1449AA2027FA55CF00CEC0E6 /* Assets.xcassets */; };
		1449AA2427FA55CF00CEC0E6 /* Preview Assets.xcassets in Resources */ = {isa = PBXBuildFile; fileRef = 1449AA2327FA55CF00CEC0E6 /* Preview Assets.xcassets */; };
		1449AA2C27FA561500CEC0E6 /* AppIcon.swift in Sources */ = {isa = PBXBuildFile; fileRef = 1449AA2B27FA561500CEC0E6 /* AppIcon.swift */; };
		1449AA2E27FA565200CEC0E6 /* Constants.swift in Sources */ = {isa = PBXBuildFile; fileRef = 1449AA2D27FA565200CEC0E6 /* Constants.swift */; };
/* End PBXBuildFile section */

/* Begin PBXFileReference section */
		142866DA27FA5B1B00A72FAF /* IconResizerService.swift */ = {isa = PBXFileReference; lastKnownFileType = sourcecode.swift; path = IconResizerService.swift; sourceTree = "<group>"; };
		142866DC27FA5D5E00A72FAF /* FileIconService.swift */ = {isa = PBXFileReference; lastKnownFileType = sourcecode.swift; path = FileIconService.swift; sourceTree = "<group>"; };
		142866DF27FA623800A72FAF /* IconFileGeneratorService.swift */ = {isa = PBXFileReference; lastKnownFileType = sourcecode.swift; path = IconFileGeneratorService.swift; sourceTree = "<group>"; };
		142866E127FA639D00A72FAF /* IconGenerator.entitlements */ = {isa = PBXFileReference; lastKnownFileType = text.plist.entitlements; path = IconGenerator.entitlements; sourceTree = "<group>"; };
		142866E327FA63F400A72FAF /* MainViewModel.swift */ = {isa = PBXFileReference; lastKnownFileType = sourcecode.swift; path = MainViewModel.swift; sourceTree = "<group>"; };
		142866E527FA6EB800A72FAF /* ImagePickerView.swift */ = {isa = PBXFileReference; lastKnownFileType = sourcecode.swift; path = ImagePickerView.swift; sourceTree = "<group>"; };
		1449AA1927FA55CB00CEC0E6 /* Icon Generator.app */ = {isa = PBXFileReference; explicitFileType = wrapper.application; includeInIndex = 0; path = "Icon Generator.app"; sourceTree = BUILT_PRODUCTS_DIR; };
		1449AA1C27FA55CB00CEC0E6 /* IconGeneratorApp.swift */ = {isa = PBXFileReference; lastKnownFileType = sourcecode.swift; path = IconGeneratorApp.swift; sourceTree = "<group>"; };
		1449AA1E27FA55CB00CEC0E6 /* MainView.swift */ = {isa = PBXFileReference; lastKnownFileType = sourcecode.swift; path = MainView.swift; sourceTree = "<group>"; };
		1449AA2027FA55CF00CEC0E6 /* Assets.xcassets */ = {isa = PBXFileReference; lastKnownFileType = folder.assetcatalog; path = Assets.xcassets; sourceTree = "<group>"; };
		1449AA2327FA55CF00CEC0E6 /* Preview Assets.xcassets */ = {isa = PBXFileReference; lastKnownFileType = folder.assetcatalog; path = "Preview Assets.xcassets"; sourceTree = "<group>"; };
		1449AA2B27FA561500CEC0E6 /* AppIcon.swift */ = {isa = PBXFileReference; lastKnownFileType = sourcecode.swift; path = AppIcon.swift; sourceTree = "<group>"; };
		1449AA2D27FA565200CEC0E6 /* Constants.swift */ = {isa = PBXFileReference; lastKnownFileType = sourcecode.swift; path = Constants.swift; sourceTree = "<group>"; };
/* End PBXFileReference section */

/* Begin PBXFrameworksBuildPhase section */
		1449AA1627FA55CB00CEC0E6 /* Frameworks */ = {
			isa = PBXFrameworksBuildPhase;
			buildActionMask = 2147483647;
			files = (
			);
			runOnlyForDeploymentPostprocessing = 0;
		};
/* End PBXFrameworksBuildPhase section */

/* Begin PBXGroup section */
		142866D927FA5AFF00A72FAF /* Services */ = {
			isa = PBXGroup;
			children = (
				142866DA27FA5B1B00A72FAF /* IconResizerService.swift */,
				142866DC27FA5D5E00A72FAF /* FileIconService.swift */,
				142866DF27FA623800A72FAF /* IconFileGeneratorService.swift */,
			);
			path = Services;
			sourceTree = "<group>";
		};
		142866DE27FA622200A72FAF /* Views */ = {
			isa = PBXGroup;
			children = (
				142866E227FA63E400A72FAF /* Main */,
			);
			path = Views;
			sourceTree = "<group>";
		};
		142866E227FA63E400A72FAF /* Main */ = {
			isa = PBXGroup;
			children = (
				1449AA1E27FA55CB00CEC0E6 /* MainView.swift */,
				142866E327FA63F400A72FAF /* MainViewModel.swift */,
				142866E527FA6EB800A72FAF /* ImagePickerView.swift */,
			);
			path = Main;
			sourceTree = "<group>";
		};
		1449AA1027FA55CB00CEC0E6 = {
			isa = PBXGroup;
			children = (
				1449AA1B27FA55CB00CEC0E6 /* IconGenerator */,
				1449AA1A27FA55CB00CEC0E6 /* Products */,
			);
			sourceTree = "<group>";
		};
		1449AA1A27FA55CB00CEC0E6 /* Products */ = {
			isa = PBXGroup;
			children = (
				1449AA1927FA55CB00CEC0E6 /* Icon Generator.app */,
			);
			name = Products;
			sourceTree = "<group>";
		};
		1449AA1B27FA55CB00CEC0E6 /* IconGenerator */ = {
			isa = PBXGroup;
			children = (
				142866E127FA639D00A72FAF /* IconGenerator.entitlements */,
				142866DE27FA622200A72FAF /* Views */,
				142866D927FA5AFF00A72FAF /* Services */,
				1449AA2A27FA560900CEC0E6 /* Models */,
				1449AA1C27FA55CB00CEC0E6 /* IconGeneratorApp.swift */,
				1449AA2027FA55CF00CEC0E6 /* Assets.xcassets */,
				1449AA2227FA55CF00CEC0E6 /* Preview Content */,
			);
			path = IconGenerator;
			sourceTree = "<group>";
		};
		1449AA2227FA55CF00CEC0E6 /* Preview Content */ = {
			isa = PBXGroup;
			children = (
				1449AA2327FA55CF00CEC0E6 /* Preview Assets.xcassets */,
			);
			path = "Preview Content";
			sourceTree = "<group>";
		};
		1449AA2A27FA560900CEC0E6 /* Models */ = {
			isa = PBXGroup;
			children = (
				1449AA2B27FA561500CEC0E6 /* AppIcon.swift */,
				1449AA2D27FA565200CEC0E6 /* Constants.swift */,
			);
			path = Models;
			sourceTree = "<group>";
		};
/* End PBXGroup section */

/* Begin PBXNativeTarget section */
		1449AA1827FA55CB00CEC0E6 /* IconGenerator */ = {
			isa = PBXNativeTarget;
			buildConfigurationList = 1449AA2727FA55CF00CEC0E6 /* Build configuration list for PBXNativeTarget "IconGenerator" */;
			buildPhases = (
				1449AA1527FA55CB00CEC0E6 /* Sources */,
				1449AA1627FA55CB00CEC0E6 /* Frameworks */,
				1449AA1727FA55CB00CEC0E6 /* Resources */,
			);
			buildRules = (
			);
			dependencies = (
			);
			name = IconGenerator;
			productName = IconGenerator;
			productReference = 1449AA1927FA55CB00CEC0E6 /* Icon Generator.app */;
			productType = "com.apple.product-type.application";
		};
/* End PBXNativeTarget section */

/* Begin PBXProject section */
		1449AA1127FA55CB00CEC0E6 /* Project object */ = {
			isa = PBXProject;
			attributes = {
				BuildIndependentTargetsInParallel = 1;
				LastSwiftUpdateCheck = 1330;
				LastUpgradeCheck = 1330;
				TargetAttributes = {
					1449AA1827FA55CB00CEC0E6 = {
						CreatedOnToolsVersion = 13.3;
					};
				};
			};
			buildConfigurationList = 1449AA1427FA55CB00CEC0E6 /* Build configuration list for PBXProject "IconGenerator" */;
			compatibilityVersion = "Xcode 13.0";
			developmentRegion = en;
			hasScannedForEncodings = 0;
			knownRegions = (
				en,
				Base,
			);
			mainGroup = 1449AA1027FA55CB00CEC0E6;
			productRefGroup = 1449AA1A27FA55CB00CEC0E6 /* Products */;
			projectDirPath = "";
			projectRoot = "";
			targets = (
				1449AA1827FA55CB00CEC0E6 /* IconGenerator */,
			);
		};
/* End PBXProject section */

/* Begin PBXResourcesBuildPhase section */
		1449AA1727FA55CB00CEC0E6 /* Resources */ = {
			isa = PBXResourcesBuildPhase;
			buildActionMask = 2147483647;
			files = (
				1449AA2427FA55CF00CEC0E6 /* Preview Assets.xcassets in Resources */,
				1449AA2127FA55CF00CEC0E6 /* Assets.xcassets in Resources */,
			);
			runOnlyForDeploymentPostprocessing = 0;
		};
/* End PBXResourcesBuildPhase section */

/* Begin PBXSourcesBuildPhase section */
		1449AA1527FA55CB00CEC0E6 /* Sources */ = {
			isa = PBXSourcesBuildPhase;
			buildActionMask = 2147483647;
			files = (
				142866DD27FA5D5E00A72FAF /* FileIconService.swift in Sources */,
				1449AA1F27FA55CB00CEC0E6 /* MainView.swift in Sources */,
				1449AA1D27FA55CB00CEC0E6 /* IconGeneratorApp.swift in Sources */,
				1449AA2C27FA561500CEC0E6 /* AppIcon.swift in Sources */,
				142866E627FA6EB800A72FAF /* ImagePickerView.swift in Sources */,
				1449AA2E27FA565200CEC0E6 /* Constants.swift in Sources */,
				142866DB27FA5B1B00A72FAF /* IconResizerService.swift in Sources */,
				142866E027FA623800A72FAF /* IconFileGeneratorService.swift in Sources */,
				142866E427FA63F400A72FAF /* MainViewModel.swift in Sources */,
			);
			runOnlyForDeploymentPostprocessing = 0;
		};
/* End PBXSourcesBuildPhase section */

/* Begin XCBuildConfiguration section */
		1449AA2527FA55CF00CEC0E6 /* Debug */ = {
			isa = XCBuildConfiguration;
			buildSettings = {
				ALWAYS_SEARCH_USER_PATHS = NO;
				CLANG_ANALYZER_NONNULL = YES;
				CLANG_ANALYZER_NUMBER_OBJECT_CONVERSION = YES_AGGRESSIVE;
				CLANG_CXX_LANGUAGE_STANDARD = "gnu++17";
				CLANG_ENABLE_MODULES = YES;
				CLANG_ENABLE_OBJC_ARC = YES;
				CLANG_ENABLE_OBJC_WEAK = YES;
				CLANG_WARN_BLOCK_CAPTURE_AUTORELEASING = YES;
				CLANG_WARN_BOOL_CONVERSION = YES;
				CLANG_WARN_COMMA = YES;
				CLANG_WARN_CONSTANT_CONVERSION = YES;
				CLANG_WARN_DEPRECATED_OBJC_IMPLEMENTATIONS = YES;
				CLANG_WARN_DIRECT_OBJC_ISA_USAGE = YES_ERROR;
				CLANG_WARN_DOCUMENTATION_COMMENTS = YES;
				CLANG_WARN_EMPTY_BODY = YES;
				CLANG_WARN_ENUM_CONVERSION = YES;
				CLANG_WARN_INFINITE_RECURSION = YES;
				CLANG_WARN_INT_CONVERSION = YES;
				CLANG_WARN_NON_LITERAL_NULL_CONVERSION = YES;
				CLANG_WARN_OBJC_IMPLICIT_RETAIN_SELF = YES;
				CLANG_WARN_OBJC_LITERAL_CONVERSION = YES;
				CLANG_WARN_OBJC_ROOT_CLASS = YES_ERROR;
				CLANG_WARN_QUOTED_INCLUDE_IN_FRAMEWORK_HEADER = YES;
				CLANG_WARN_RANGE_LOOP_ANALYSIS = YES;
				CLANG_WARN_STRICT_PROTOTYPES = YES;
				CLANG_WARN_SUSPICIOUS_MOVE = YES;
				CLANG_WARN_UNGUARDED_AVAILABILITY = YES_AGGRESSIVE;
				CLANG_WARN_UNREACHABLE_CODE = YES;
				CLANG_WARN__DUPLICATE_METHOD_MATCH = YES;
				COPY_PHASE_STRIP = NO;
				DEBUG_INFORMATION_FORMAT = dwarf;
				ENABLE_STRICT_OBJC_MSGSEND = YES;
				ENABLE_TESTABILITY = YES;
				GCC_C_LANGUAGE_STANDARD = gnu11;
				GCC_DYNAMIC_NO_PIC = NO;
				GCC_NO_COMMON_BLOCKS = YES;
				GCC_OPTIMIZATION_LEVEL = 0;
				GCC_PREPROCESSOR_DEFINITIONS = (
					"DEBUG=1",
					"$(inherited)",
				);
				GCC_WARN_64_TO_32_BIT_CONVERSION = YES;
				GCC_WARN_ABOUT_RETURN_TYPE = YES_ERROR;
				GCC_WARN_UNDECLARED_SELECTOR = YES;
				GCC_WARN_UNINITIALIZED_AUTOS = YES_AGGRESSIVE;
				GCC_WARN_UNUSED_FUNCTION = YES;
				GCC_WARN_UNUSED_VARIABLE = YES;
				IPHONEOS_DEPLOYMENT_TARGET = 15.0;
				MTL_ENABLE_DEBUG_INFO = INCLUDE_SOURCE;
				MTL_FAST_MATH = YES;
				ONLY_ACTIVE_ARCH = YES;
				SDKROOT = iphoneos;
				SWIFT_ACTIVE_COMPILATION_CONDITIONS = DEBUG;
				SWIFT_OPTIMIZATION_LEVEL = "-Onone";
			};
			name = Debug;
		};
		1449AA2627FA55CF00CEC0E6 /* Release */ = {
			isa = XCBuildConfiguration;
			buildSettings = {
				ALWAYS_SEARCH_USER_PATHS = NO;
				CLANG_ANALYZER_NONNULL = YES;
				CLANG_ANALYZER_NUMBER_OBJECT_CONVERSION = YES_AGGRESSIVE;
				CLANG_CXX_LANGUAGE_STANDARD = "gnu++17";
				CLANG_ENABLE_MODULES = YES;
				CLANG_ENABLE_OBJC_ARC = YES;
				CLANG_ENABLE_OBJC_WEAK = YES;
				CLANG_WARN_BLOCK_CAPTURE_AUTORELEASING = YES;
				CLANG_WARN_BOOL_CONVERSION = YES;
				CLANG_WARN_COMMA = YES;
				CLANG_WARN_CONSTANT_CONVERSION = YES;
				CLANG_WARN_DEPRECATED_OBJC_IMPLEMENTATIONS = YES;
				CLANG_WARN_DIRECT_OBJC_ISA_USAGE = YES_ERROR;
				CLANG_WARN_DOCUMENTATION_COMMENTS = YES;
				CLANG_WARN_EMPTY_BODY = YES;
				CLANG_WARN_ENUM_CONVERSION = YES;
				CLANG_WARN_INFINITE_RECURSION = YES;
				CLANG_WARN_INT_CONVERSION = YES;
				CLANG_WARN_NON_LITERAL_NULL_CONVERSION = YES;
				CLANG_WARN_OBJC_IMPLICIT_RETAIN_SELF = YES;
				CLANG_WARN_OBJC_LITERAL_CONVERSION = YES;
				CLANG_WARN_OBJC_ROOT_CLASS = YES_ERROR;
				CLANG_WARN_QUOTED_INCLUDE_IN_FRAMEWORK_HEADER = YES;
				CLANG_WARN_RANGE_LOOP_ANALYSIS = YES;
				CLANG_WARN_STRICT_PROTOTYPES = YES;
				CLANG_WARN_SUSPICIOUS_MOVE = YES;
				CLANG_WARN_UNGUARDED_AVAILABILITY = YES_AGGRESSIVE;
				CLANG_WARN_UNREACHABLE_CODE = YES;
				CLANG_WARN__DUPLICATE_METHOD_MATCH = YES;
				COPY_PHASE_STRIP = NO;
				DEBUG_INFORMATION_FORMAT = "dwarf-with-dsym";
				ENABLE_NS_ASSERTIONS = NO;
				ENABLE_STRICT_OBJC_MSGSEND = YES;
				GCC_C_LANGUAGE_STANDARD = gnu11;
				GCC_NO_COMMON_BLOCKS = YES;
				GCC_WARN_64_TO_32_BIT_CONVERSION = YES;
				GCC_WARN_ABOUT_RETURN_TYPE = YES_ERROR;
				GCC_WARN_UNDECLARED_SELECTOR = YES;
				GCC_WARN_UNINITIALIZED_AUTOS = YES_AGGRESSIVE;
				GCC_WARN_UNUSED_FUNCTION = YES;
				GCC_WARN_UNUSED_VARIABLE = YES;
				IPHONEOS_DEPLOYMENT_TARGET = 15.0;
				MTL_ENABLE_DEBUG_INFO = NO;
				MTL_FAST_MATH = YES;
				SDKROOT = iphoneos;
				SWIFT_COMPILATION_MODE = wholemodule;
				SWIFT_OPTIMIZATION_LEVEL = "-O";
				VALIDATE_PRODUCT = YES;
			};
			name = Release;
		};
		1449AA2827FA55CF00CEC0E6 /* Debug */ = {
			isa = XCBuildConfiguration;
			buildSettings = {
				ASSETCATALOG_COMPILER_APPICON_NAME = AppIcon;
				ASSETCATALOG_COMPILER_GLOBAL_ACCENT_COLOR_NAME = AccentColor;
				CODE_SIGN_ENTITLEMENTS = IconGenerator/IconGenerator.entitlements;
				CODE_SIGN_STYLE = Automatic;
				CURRENT_PROJECT_VERSION = 1;
				DEVELOPMENT_ASSET_PATHS = "\"IconGenerator/Preview Content\"";
				DEVELOPMENT_TEAM = 7U9CL7N4N2;
				ENABLE_PREVIEWS = YES;
				GENERATE_INFOPLIST_FILE = YES;
				INFOPLIST_KEY_NSPhotoLibraryAddUsageDescription = "Access to image icon file";
				INFOPLIST_KEY_UIApplicationSceneManifest_Generation = YES;
				INFOPLIST_KEY_UIApplicationSupportsIndirectInputEvents = YES;
				INFOPLIST_KEY_UILaunchScreen_Generation = YES;
				INFOPLIST_KEY_UISupportedInterfaceOrientations_iPad = "UIInterfaceOrientationPortrait UIInterfaceOrientationPortraitUpsideDown UIInterfaceOrientationLandscapeLeft UIInterfaceOrientationLandscapeRight";
				INFOPLIST_KEY_UISupportedInterfaceOrientations_iPhone = "UIInterfaceOrientationPortrait UIInterfaceOrientationLandscapeLeft UIInterfaceOrientationLandscapeRight";
				LD_RUNPATH_SEARCH_PATHS = (
					"$(inherited)",
					"@executable_path/Frameworks",
				);
				MARKETING_VERSION = 1.0;
				PRODUCT_BUNDLE_IDENTIFIER = com.henry.IconGenerator;
				PRODUCT_NAME = "Icon Generator";
				SUPPORTS_MACCATALYST = YES;
				SWIFT_EMIT_LOC_STRINGS = YES;
				SWIFT_VERSION = 5.0;
				TARGETED_DEVICE_FAMILY = "1,2";
			};
			name = Debug;
		};
		1449AA2927FA55CF00CEC0E6 /* Release */ = {
			isa = XCBuildConfiguration;
			buildSettings = {
				ASSETCATALOG_COMPILER_APPICON_NAME = AppIcon;
				ASSETCATALOG_COMPILER_GLOBAL_ACCENT_COLOR_NAME = AccentColor;
				CODE_SIGN_ENTITLEMENTS = IconGenerator/IconGenerator.entitlements;
				CODE_SIGN_STYLE = Automatic;
				CURRENT_PROJECT_VERSION = 1;
				DEVELOPMENT_ASSET_PATHS = "\"IconGenerator/Preview Content\"";
				DEVELOPMENT_TEAM = 7U9CL7N4N2;
				ENABLE_PREVIEWS = YES;
				GENERATE_INFOPLIST_FILE = YES;
				INFOPLIST_KEY_NSPhotoLibraryAddUsageDescription = "Access to image icon file";
				INFOPLIST_KEY_UIApplicationSceneManifest_Generation = YES;
				INFOPLIST_KEY_UIApplicationSupportsIndirectInputEvents = YES;
				INFOPLIST_KEY_UILaunchScreen_Generation = YES;
				INFOPLIST_KEY_UISupportedInterfaceOrientations_iPad = "UIInterfaceOrientationPortrait UIInterfaceOrientationPortraitUpsideDown UIInterfaceOrientationLandscapeLeft UIInterfaceOrientationLandscapeRight";
				INFOPLIST_KEY_UISupportedInterfaceOrientations_iPhone = "UIInterfaceOrientationPortrait UIInterfaceOrientationLandscapeLeft UIInterfaceOrientationLandscapeRight";
				LD_RUNPATH_SEARCH_PATHS = (
					"$(inherited)",
					"@executable_path/Frameworks",
				);
				MARKETING_VERSION = 1.0;
				PRODUCT_BUNDLE_IDENTIFIER = com.henry.IconGenerator;
				PRODUCT_NAME = "Icon Generator";
				SUPPORTS_MACCATALYST = YES;
				SWIFT_EMIT_LOC_STRINGS = YES;
				SWIFT_VERSION = 5.0;
				TARGETED_DEVICE_FAMILY = "1,2";
			};
			name = Release;
		};
/* End XCBuildConfiguration section */

/* Begin XCConfigurationList section */
		1449AA1427FA55CB00CEC0E6 /* Build configuration list for PBXProject "IconGenerator" */ = {
			isa = XCConfigurationList;
			buildConfigurations = (
				1449AA2527FA55CF00CEC0E6 /* Debug */,
				1449AA2627FA55CF00CEC0E6 /* Release */,
			);
			defaultConfigurationIsVisible = 0;
			defaultConfigurationName = Release;
		};
		1449AA2727FA55CF00CEC0E6 /* Build configuration list for PBXNativeTarget "IconGenerator" */ = {
			isa = XCConfigurationList;
			buildConfigurations = (
				1449AA2827FA55CF00CEC0E6 /* Debug */,
				1449AA2927FA55CF00CEC0E6 /* Release */,
			);
			defaultConfigurationIsVisible = 0;
			defaultConfigurationName = Release;
		};
/* End XCConfigurationList section */
	};
	rootObject = 1449AA1127FA55CB00CEC0E6 /* Project object */;
}
